
Microsoft Visual Studio Solution File, Format Version 12.00
# Visual Studio 15
VisualStudioVersion = 15.0.28010.2041
MinimumVisualStudioVersion = 10.0.40219.1
Project("{FAE04EC0-301F-11D3-BF4B-00C04F79EFBC}") = "lab_5", "lab_5.csproj", "{C0B2B214-0AC5-4930-B862-29A367835BB4}"
EndProject
Project("{2150E333-8FDC-42A3-9474-1A3956D46DE8}") = "Solution Items", "Solution Items", "{56018A54-BE76-4DE3-A61F-0CAD4672445E}"
	ProjectSection(SolutionItems) = preProject
		.gitignore = .gitignore
	EndProjectSection
EndProject
Global
	GlobalSection(SolutionConfigurationPlatforms) = preSolution
		Debug|Any CPU = Debug|Any CPU
		Release|Any CPU = Release|Any CPU
	EndGlobalSection
	GlobalSection(ProjectConfigurationPlatforms) = postSolution
		{C0B2B214-0AC5-4930-B862-29A367835BB4}.Debug|Any CPU.ActiveCfg = Debug|Any CPU
		{C0B2B214-0AC5-4930-B862-29A367835BB4}.Debug|Any CPU.Build.0 = Debug|Any CPU
		{C0B2B214-0AC5-4930-B862-29A367835BB4}.Release|Any CPU.ActiveCfg = Release|Any CPU
		{C0B2B214-0AC5-4930-B862-29A367835BB4}.Release|Any CPU.Build.0 = Release|Any CPU
	EndGlobalSection
	GlobalSection(SolutionProperties) = preSolution
		HideSolutionNode = FALSE
	EndGlobalSection
	GlobalSection(ExtensibilityGlobals) = postSolution
		SolutionGuid = {0E18133A-7129-42C6-9869-E8E7F2ECE6E1}
	EndGlobalSection
EndGlobal
